
Microsoft Visual Studio Solution File, Format Version 12.00
# Visual Studio 15
VisualStudioVersion = 15.0.26228.9
MinimumVisualStudioVersion = 10.0.40219.1
Project("{FAE04EC0-301F-11D3-BF4B-00C04F79EFBC}") = "CSharp", "CSharp\CSharp.csproj", "{416A6DDB-C943-490F-8626-484AC7C39EE1}"
EndProject
Project("{FAE04EC0-301F-11D3-BF4B-00C04F79EFBC}") = "David.Tests", "David.Tests\David.Tests.csproj", "{9027A9C4-8B61-4516-85DE-8B1809337B43}"
EndProject
Global
	GlobalSection(SolutionConfigurationPlatforms) = preSolution
		Debug|Any CPU = Debug|Any CPU
		Release|Any CPU = Release|Any CPU
	EndGlobalSection
	GlobalSection(ProjectConfigurationPlatforms) = postSolution
		{416A6DDB-C943-490F-8626-484AC7C39EE1}.Debug|Any CPU.ActiveCfg = Debug|Any CPU
		{416A6DDB-C943-490F-8626-484AC7C39EE1}.Debug|Any CPU.Build.0 = Debug|Any CPU
		{416A6DDB-C943-490F-8626-484AC7C39EE1}.Release|Any CPU.ActiveCfg = Release|Any CPU
		{416A6DDB-C943-490F-8626-484AC7C39EE1}.Release|Any CPU.Build.0 = Release|Any CPU
		{9027A9C4-8B61-4516-85DE-8B1809337B43}.Debug|Any CPU.ActiveCfg = Debug|Any CPU
		{9027A9C4-8B61-4516-85DE-8B1809337B43}.Debug|Any CPU.Build.0 = Debug|Any CPU
		{9027A9C4-8B61-4516-85DE-8B1809337B43}.Release|Any CPU.ActiveCfg = Release|Any CPU
		{9027A9C4-8B61-4516-85DE-8B1809337B43}.Release|Any CPU.Build.0 = Release|Any CPU
	EndGlobalSection
	GlobalSection(SolutionProperties) = preSolution
		HideSolutionNode = FALSE
	EndGlobalSection
EndGlobal
